// !$*UTF8*$!
{
	archiveVersion = 1;
	classes = {
	};
	objectVersion = 50;
	objects = {

/* Begin PBXBuildFile section */
		CD778F5825AC676A0005C93E /* main.c in Sources */ = {isa = PBXBuildFile; fileRef = CD778F5725AC676A0005C93E /* main.c */; };
		CD778F6A25AC68790005C93E /* date_time.c in Sources */ = {isa = PBXBuildFile; fileRef = CD778F6925AC68790005C93E /* date_time.c */; };
		CD778F6E25AC6A890005C93E /* stock.c in Sources */ = {isa = PBXBuildFile; fileRef = CD778F6D25AC6A890005C93E /* stock.c */; };
		CD778F7725AC9EB40005C93E /* quotation.c in Sources */ = {isa = PBXBuildFile; fileRef = CD778F7625AC9EB40005C93E /* quotation.c */; };
/* End PBXBuildFile section */

/* Begin PBXCopyFilesBuildPhase section */
		CD778F5225AC676A0005C93E /* CopyFiles */ = {
			isa = PBXCopyFilesBuildPhase;
			buildActionMask = 2147483647;
			dstPath = /usr/share/man/man1/;
			dstSubfolderSpec = 0;
			files = (
			);
			runOnlyForDeploymentPostprocessing = 1;
		};
/* End PBXCopyFilesBuildPhase section */

/* Begin PBXFileReference section */
		CD778F5425AC676A0005C93E /* E01 */ = {isa = PBXFileReference; explicitFileType = "compiled.mach-o.executable"; includeInIndex = 0; path = E01; sourceTree = BUILT_PRODUCTS_DIR; };
		CD778F5725AC676A0005C93E /* main.c */ = {isa = PBXFileReference; lastKnownFileType = sourcecode.c.c; path = main.c; sourceTree = "<group>"; };
		CD778F6825AC68790005C93E /* date_time.h */ = {isa = PBXFileReference; lastKnownFileType = sourcecode.c.h; path = date_time.h; sourceTree = "<group>"; };
		CD778F6925AC68790005C93E /* date_time.c */ = {isa = PBXFileReference; lastKnownFileType = sourcecode.c.c; path = date_time.c; sourceTree = "<group>"; };
		CD778F6C25AC6A890005C93E /* stock.h */ = {isa = PBXFileReference; lastKnownFileType = sourcecode.c.h; path = stock.h; sourceTree = "<group>"; };
		CD778F6D25AC6A890005C93E /* stock.c */ = {isa = PBXFileReference; lastKnownFileType = sourcecode.c.c; path = stock.c; sourceTree = "<group>"; };
		CD778F7525AC9EB40005C93E /* quotation.h */ = {isa = PBXFileReference; lastKnownFileType = sourcecode.c.h; path = quotation.h; sourceTree = "<group>"; };
		CD778F7625AC9EB40005C93E /* quotation.c */ = {isa = PBXFileReference; lastKnownFileType = sourcecode.c.c; path = quotation.c; sourceTree = "<group>"; };
/* End PBXFileReference section */

/* Begin PBXFrameworksBuildPhase section */
		CD778F5125AC676A0005C93E /* Frameworks */ = {
			isa = PBXFrameworksBuildPhase;
			buildActionMask = 2147483647;
			files = (
			);
			runOnlyForDeploymentPostprocessing = 0;
		};
/* End PBXFrameworksBuildPhase section */

/* Begin PBXGroup section */
		CD778F4B25AC676A0005C93E = {
			isa = PBXGroup;
			children = (
				CD778F5625AC676A0005C93E /* E01 */,
				CD778F5525AC676A0005C93E /* Products */,
			);
			sourceTree = "<group>";
		};
		CD778F5525AC676A0005C93E /* Products */ = {
			isa = PBXGroup;
			children = (
				CD778F5425AC676A0005C93E /* E01 */,
			);
			name = Products;
			sourceTree = "<group>";
		};
		CD778F5625AC676A0005C93E /* E01 */ = {
			isa = PBXGroup;
			children = (
				CD778F5725AC676A0005C93E /* main.c */,
				CD778F6C25AC6A890005C93E /* stock.h */,
				CD778F6D25AC6A890005C93E /* stock.c */,
				CD778F7525AC9EB40005C93E /* quotation.h */,
				CD778F7625AC9EB40005C93E /* quotation.c */,
				CD778F6825AC68790005C93E /* date_time.h */,
				CD778F6925AC68790005C93E /* date_time.c */,
			);
			path = E01;
			sourceTree = "<group>";
		};
/* End PBXGroup section */

/* Begin PBXNativeTarget section */
		CD778F5325AC676A0005C93E /* E01 */ = {
			isa = PBXNativeTarget;
			buildConfigurationList = CD778F5B25AC676A0005C93E /* Build configuration list for PBXNativeTarget "E01" */;
			buildPhases = (
				CD778F5025AC676A0005C93E /* Sources */,
				CD778F5125AC676A0005C93E /* Frameworks */,
				CD778F5225AC676A0005C93E /* CopyFiles */,
			);
			buildRules = (
			);
			dependencies = (
			);
			name = E01;
			productName = E01;
			productReference = CD778F5425AC676A0005C93E /* E01 */;
			productType = "com.apple.product-type.tool";
		};
/* End PBXNativeTarget section */

/* Begin PBXProject section */
		CD778F4C25AC676A0005C93E /* Project object */ = {
			isa = PBXProject;
			attributes = {
				LastUpgradeCheck = 1240;
				TargetAttributes = {
					CD778F5325AC676A0005C93E = {
						CreatedOnToolsVersion = 12.3;
					};
				};
			};
			buildConfigurationList = CD778F4F25AC676A0005C93E /* Build configuration list for PBXProject "E01" */;
			compatibilityVersion = "Xcode 9.3";
			developmentRegion = en;
			hasScannedForEncodings = 0;
			knownRegions = (
				en,
				Base,
			);
			mainGroup = CD778F4B25AC676A0005C93E;
			productRefGroup = CD778F5525AC676A0005C93E /* Products */;
			projectDirPath = "";
			projectRoot = "";
			targets = (
				CD778F5325AC676A0005C93E /* E01 */,
			);
		};
/* End PBXProject section */

/* Begin PBXSourcesBuildPhase section */
		CD778F5025AC676A0005C93E /* Sources */ = {
			isa = PBXSourcesBuildPhase;
			buildActionMask = 2147483647;
			files = (
				CD778F7725AC9EB40005C93E /* quotation.c in Sources */,
				CD778F6E25AC6A890005C93E /* stock.c in Sources */,
				CD778F6A25AC68790005C93E /* date_time.c in Sources */,
				CD778F5825AC676A0005C93E /* main.c in Sources */,
			);
			runOnlyForDeploymentPostprocessing = 0;
		};
/* End PBXSourcesBuildPhase section */

/* Begin XCBuildConfiguration section */
		CD778F5925AC676A0005C93E /* Debug */ = {
			isa = XCBuildConfiguration;
			buildSettings = {
				ALWAYS_SEARCH_USER_PATHS = NO;
				CLANG_ANALYZER_NONNULL = YES;
				CLANG_ANALYZER_NUMBER_OBJECT_CONVERSION = YES_AGGRESSIVE;
				CLANG_CXX_LANGUAGE_STANDARD = "gnu++14";
				CLANG_CXX_LIBRARY = "libc++";
				CLANG_ENABLE_MODULES = YES;
				CLANG_ENABLE_OBJC_ARC = YES;
				CLANG_ENABLE_OBJC_WEAK = YES;
				CLANG_WARN_BLOCK_CAPTURE_AUTORELEASING = YES;
				CLANG_WARN_BOOL_CONVERSION = YES;
				CLANG_WARN_COMMA = YES;
				CLANG_WARN_CONSTANT_CONVERSION = YES;
				CLANG_WARN_DEPRECATED_OBJC_IMPLEMENTATIONS = YES;
				CLANG_WARN_DIRECT_OBJC_ISA_USAGE = YES_ERROR;
				CLANG_WARN_DOCUMENTATION_COMMENTS = YES;
				CLANG_WARN_EMPTY_BODY = YES;
				CLANG_WARN_ENUM_CONVERSION = YES;
				CLANG_WARN_INFINITE_RECURSION = YES;
				CLANG_WARN_INT_CONVERSION = YES;
				CLANG_WARN_NON_LITERAL_NULL_CONVERSION = YES;
				CLANG_WARN_OBJC_IMPLICIT_RETAIN_SELF = YES;
				CLANG_WARN_OBJC_LITERAL_CONVERSION = YES;
				CLANG_WARN_OBJC_ROOT_CLASS = YES_ERROR;
				CLANG_WARN_QUOTED_INCLUDE_IN_FRAMEWORK_HEADER = YES;
				CLANG_WARN_RANGE_LOOP_ANALYSIS = YES;
				CLANG_WARN_STRICT_PROTOTYPES = YES;
				CLANG_WARN_SUSPICIOUS_MOVE = YES;
				CLANG_WARN_UNGUARDED_AVAILABILITY = YES_AGGRESSIVE;
				CLANG_WARN_UNREACHABLE_CODE = YES;
				CLANG_WARN__DUPLICATE_METHOD_MATCH = YES;
				COPY_PHASE_STRIP = NO;
				DEBUG_INFORMATION_FORMAT = dwarf;
				ENABLE_STRICT_OBJC_MSGSEND = YES;
				ENABLE_TESTABILITY = YES;
				GCC_C_LANGUAGE_STANDARD = gnu11;
				GCC_DYNAMIC_NO_PIC = NO;
				GCC_NO_COMMON_BLOCKS = YES;
				GCC_OPTIMIZATION_LEVEL = 0;
				GCC_PREPROCESSOR_DEFINITIONS = (
					"DEBUG=1",
					"$(inherited)",
				);
				GCC_WARN_64_TO_32_BIT_CONVERSION = YES;
				GCC_WARN_ABOUT_RETURN_TYPE = YES_ERROR;
				GCC_WARN_UNDECLARED_SELECTOR = YES;
				GCC_WARN_UNINITIALIZED_AUTOS = YES_AGGRESSIVE;
				GCC_WARN_UNUSED_FUNCTION = YES;
				GCC_WARN_UNUSED_VARIABLE = YES;
				MACOSX_DEPLOYMENT_TARGET = 11.1;
				MTL_ENABLE_DEBUG_INFO = INCLUDE_SOURCE;
				MTL_FAST_MATH = YES;
				ONLY_ACTIVE_ARCH = YES;
				SDKROOT = macosx;
			};
			name = Debug;
		};
		CD778F5A25AC676A0005C93E /* Release */ = {
			isa = XCBuildConfiguration;
			buildSettings = {
				ALWAYS_SEARCH_USER_PATHS = NO;
				CLANG_ANALYZER_NONNULL = YES;
				CLANG_ANALYZER_NUMBER_OBJECT_CONVERSION = YES_AGGRESSIVE;
				CLANG_CXX_LANGUAGE_STANDARD = "gnu++14";
				CLANG_CXX_LIBRARY = "libc++";
				CLANG_ENABLE_MODULES = YES;
				CLANG_ENABLE_OBJC_ARC = YES;
				CLANG_ENABLE_OBJC_WEAK = YES;
				CLANG_WARN_BLOCK_CAPTURE_AUTORELEASING = YES;
				CLANG_WARN_BOOL_CONVERSION = YES;
				CLANG_WARN_COMMA = YES;
				CLANG_WARN_CONSTANT_CONVERSION = YES;
				CLANG_WARN_DEPRECATED_OBJC_IMPLEMENTATIONS = YES;
				CLANG_WARN_DIRECT_OBJC_ISA_USAGE = YES_ERROR;
				CLANG_WARN_DOCUMENTATION_COMMENTS = YES;
				CLANG_WARN_EMPTY_BODY = YES;
				CLANG_WARN_ENUM_CONVERSION = YES;
				CLANG_WARN_INFINITE_RECURSION = YES;
				CLANG_WARN_INT_CONVERSION = YES;
				CLANG_WARN_NON_LITERAL_NULL_CONVERSION = YES;
				CLANG_WARN_OBJC_IMPLICIT_RETAIN_SELF = YES;
				CLANG_WARN_OBJC_LITERAL_CONVERSION = YES;
				CLANG_WARN_OBJC_ROOT_CLASS = YES_ERROR;
				CLANG_WARN_QUOTED_INCLUDE_IN_FRAMEWORK_HEADER = YES;
				CLANG_WARN_RANGE_LOOP_ANALYSIS = YES;
				CLANG_WARN_STRICT_PROTOTYPES = YES;
				CLANG_WARN_SUSPICIOUS_MOVE = YES;
				CLANG_WARN_UNGUARDED_AVAILABILITY = YES_AGGRESSIVE;
				CLANG_WARN_UNREACHABLE_CODE = YES;
				CLANG_WARN__DUPLICATE_METHOD_MATCH = YES;
				COPY_PHASE_STRIP = NO;
				DEBUG_INFORMATION_FORMAT = "dwarf-with-dsym";
				ENABLE_NS_ASSERTIONS = NO;
				ENABLE_STRICT_OBJC_MSGSEND = YES;
				GCC_C_LANGUAGE_STANDARD = gnu11;
				GCC_NO_COMMON_BLOCKS = YES;
				GCC_WARN_64_TO_32_BIT_CONVERSION = YES;
				GCC_WARN_ABOUT_RETURN_TYPE = YES_ERROR;
				GCC_WARN_UNDECLARED_SELECTOR = YES;
				GCC_WARN_UNINITIALIZED_AUTOS = YES_AGGRESSIVE;
				GCC_WARN_UNUSED_FUNCTION = YES;
				GCC_WARN_UNUSED_VARIABLE = YES;
				MACOSX_DEPLOYMENT_TARGET = 11.1;
				MTL_ENABLE_DEBUG_INFO = NO;
				MTL_FAST_MATH = YES;
				SDKROOT = macosx;
			};
			name = Release;
		};
		CD778F5C25AC676A0005C93E /* Debug */ = {
			isa = XCBuildConfiguration;
			buildSettings = {
				CODE_SIGN_IDENTITY = "-";
				CODE_SIGN_STYLE = Automatic;
				PRODUCT_NAME = "$(TARGET_NAME)";
			};
			name = Debug;
		};
		CD778F5D25AC676A0005C93E /* Release */ = {
			isa = XCBuildConfiguration;
			buildSettings = {
				CODE_SIGN_IDENTITY = "-";
				CODE_SIGN_STYLE = Automatic;
				PRODUCT_NAME = "$(TARGET_NAME)";
			};
			name = Release;
		};
/* End XCBuildConfiguration section */

/* Begin XCConfigurationList section */
		CD778F4F25AC676A0005C93E /* Build configuration list for PBXProject "E01" */ = {
			isa = XCConfigurationList;
			buildConfigurations = (
				CD778F5925AC676A0005C93E /* Debug */,
				CD778F5A25AC676A0005C93E /* Release */,
			);
			defaultConfigurationIsVisible = 0;
			defaultConfigurationName = Release;
		};
		CD778F5B25AC676A0005C93E /* Build configuration list for PBXNativeTarget "E01" */ = {
			isa = XCConfigurationList;
			buildConfigurations = (
				CD778F5C25AC676A0005C93E /* Debug */,
				CD778F5D25AC676A0005C93E /* Release */,
			);
			defaultConfigurationIsVisible = 0;
			defaultConfigurationName = Release;
		};
/* End XCConfigurationList section */
	};
	rootObject = CD778F4C25AC676A0005C93E /* Project object */;
}
